
Microsoft Visual Studio Solution File, Format Version 12.00
# Visual Studio Version 16
VisualStudioVersion = 16.0.31205.134
MinimumVisualStudioVersion = 10.0.40219.1
Project("{FAE04EC0-301F-11D3-BF4B-00C04F79EFBC}") = "FilmesApi", "FilmesApi\FilmesApi.csproj", "{C5BAD384-92D3-4EEF-A1CE-3603CBF45DDF}"
EndProject
Global
	GlobalSection(SolutionConfigurationPlatforms) = preSolution
		Debug|Any CPU = Debug|Any CPU
		Release|Any CPU = Release|Any CPU
	EndGlobalSection
	GlobalSection(ProjectConfigurationPlatforms) = postSolution
		{C5BAD384-92D3-4EEF-A1CE-3603CBF45DDF}.Debug|Any CPU.ActiveCfg = Debug|Any CPU
		{C5BAD384-92D3-4EEF-A1CE-3603CBF45DDF}.Debug|Any CPU.Build.0 = Debug|Any CPU
		{C5BAD384-92D3-4EEF-A1CE-3603CBF45DDF}.Release|Any CPU.ActiveCfg = Release|Any CPU
		{C5BAD384-92D3-4EEF-A1CE-3603CBF45DDF}.Release|Any CPU.Build.0 = Release|Any CPU
	EndGlobalSection
	GlobalSection(SolutionProperties) = preSolution
		HideSolutionNode = FALSE
	EndGlobalSection
	GlobalSection(ExtensibilityGlobals) = postSolution
		SolutionGuid = {737E4B35-676C-4151-A256-6035D4EAFB43}
	EndGlobalSection
EndGlobal
